
Microsoft Visual Studio Solution File, Format Version 12.00
# Visual Studio 15
VisualStudioVersion = 15.0.28307.902
MinimumVisualStudioVersion = 10.0.40219.1
Project("{FAE04EC0-301F-11D3-BF4B-00C04F79EFBC}") = "Refreshview.Android", "Refreshview\Refreshview.Android\Refreshview.Android.csproj", "{12D927B9-9892-475C-BDBC-8E51D57B9F72}"
EndProject
Project("{FAE04EC0-301F-11D3-BF4B-00C04F79EFBC}") = "Refreshview.iOS", "Refreshview\Refreshview.iOS\Refreshview.iOS.csproj", "{5FDCF849-BBF2-4D93-993A-8FD3324AD602}"
EndProject
Project("{FAE04EC0-301F-11D3-BF4B-00C04F79EFBC}") = "Refreshview", "Refreshview\Refreshview\Refreshview.csproj", "{A0BD6D65-6CD8-4E91-AD71-13F0DDD8301F}"
EndProject
Global
	GlobalSection(SolutionConfigurationPlatforms) = preSolution
		Ad-Hoc|Any CPU = Ad-Hoc|Any CPU
		Ad-Hoc|iPhone = Ad-Hoc|iPhone
		Ad-Hoc|iPhoneSimulator = Ad-Hoc|iPhoneSimulator
		AppStore|Any CPU = AppStore|Any CPU
		AppStore|iPhone = AppStore|iPhone
		AppStore|iPhoneSimulator = AppStore|iPhoneSimulator
		Debug|Any CPU = Debug|Any CPU
		Debug|iPhone = Debug|iPhone
		Debug|iPhoneSimulator = Debug|iPhoneSimulator
		Release|Any CPU = Release|Any CPU
		Release|iPhone = Release|iPhone
		Release|iPhoneSimulator = Release|iPhoneSimulator
	EndGlobalSection
	GlobalSection(ProjectConfigurationPlatforms) = postSolution
		{12D927B9-9892-475C-BDBC-8E51D57B9F72}.Ad-Hoc|Any CPU.ActiveCfg = Release|Any CPU
		{12D927B9-9892-475C-BDBC-8E51D57B9F72}.Ad-Hoc|Any CPU.Build.0 = Release|Any CPU
		{12D927B9-9892-475C-BDBC-8E51D57B9F72}.Ad-Hoc|Any CPU.Deploy.0 = Release|Any CPU
		{12D927B9-9892-475C-BDBC-8E51D57B9F72}.Ad-Hoc|iPhone.ActiveCfg = Release|Any CPU
		{12D927B9-9892-475C-BDBC-8E51D57B9F72}.Ad-Hoc|iPhone.Build.0 = Release|Any CPU
		{12D927B9-9892-475C-BDBC-8E51D57B9F72}.Ad-Hoc|iPhone.Deploy.0 = Release|Any CPU
		{12D927B9-9892-475C-BDBC-8E51D57B9F72}.Ad-Hoc|iPhoneSimulator.ActiveCfg = Release|Any CPU
		{12D927B9-9892-475C-BDBC-8E51D57B9F72}.Ad-Hoc|iPhoneSimulator.Build.0 = Release|Any CPU
		{12D927B9-9892-475C-BDBC-8E51D57B9F72}.Ad-Hoc|iPhoneSimulator.Deploy.0 = Release|Any CPU
		{12D927B9-9892-475C-BDBC-8E51D57B9F72}.AppStore|Any CPU.ActiveCfg = Release|Any CPU
		{12D927B9-9892-475C-BDBC-8E51D57B9F72}.AppStore|Any CPU.Build.0 = Release|Any CPU
		{12D927B9-9892-475C-BDBC-8E51D57B9F72}.AppStore|Any CPU.Deploy.0 = Release|Any CPU
		{12D927B9-9892-475C-BDBC-8E51D57B9F72}.AppStore|iPhone.ActiveCfg = Release|Any CPU
		{12D927B9-9892-475C-BDBC-8E51D57B9F72}.AppStore|iPhone.Build.0 = Release|Any CPU
		{12D927B9-9892-475C-BDBC-8E51D57B9F72}.AppStore|iPhone.Deploy.0 = Release|Any CPU
		{12D927B9-9892-475C-BDBC-8E51D57B9F72}.AppStore|iPhoneSimulator.ActiveCfg = Release|Any CPU
		{12D927B9-9892-475C-BDBC-8E51D57B9F72}.AppStore|iPhoneSimulator.Build.0 = Release|Any CPU
		{12D927B9-9892-475C-BDBC-8E51D57B9F72}.AppStore|iPhoneSimulator.Deploy.0 = Release|Any CPU
		{12D927B9-9892-475C-BDBC-8E51D57B9F72}.Debug|Any CPU.ActiveCfg = Debug|Any CPU
		{12D927B9-9892-475C-BDBC-8E51D57B9F72}.Debug|Any CPU.Build.0 = Debug|Any CPU
		{12D927B9-9892-475C-BDBC-8E51D57B9F72}.Debug|Any CPU.Deploy.0 = Debug|Any CPU
		{12D927B9-9892-475C-BDBC-8E51D57B9F72}.Debug|iPhone.ActiveCfg = Debug|Any CPU
		{12D927B9-9892-475C-BDBC-8E51D57B9F72}.Debug|iPhone.Build.0 = Debug|Any CPU
		{12D927B9-9892-475C-BDBC-8E51D57B9F72}.Debug|iPhone.Deploy.0 = Debug|Any CPU
		{12D927B9-9892-475C-BDBC-8E51D57B9F72}.Debug|iPhoneSimulator.ActiveCfg = Debug|Any CPU
		{12D927B9-9892-475C-BDBC-8E51D57B9F72}.Debug|iPhoneSimulator.Build.0 = Debug|Any CPU
		{12D927B9-9892-475C-BDBC-8E51D57B9F72}.Debug|iPhoneSimulator.Deploy.0 = Debug|Any CPU
		{12D927B9-9892-475C-BDBC-8E51D57B9F72}.Release|Any CPU.ActiveCfg = Release|Any CPU
		{12D927B9-9892-475C-BDBC-8E51D57B9F72}.Release|Any CPU.Build.0 = Release|Any CPU
		{12D927B9-9892-475C-BDBC-8E51D57B9F72}.Release|Any CPU.Deploy.0 = Release|Any CPU
		{12D927B9-9892-475C-BDBC-8E51D57B9F72}.Release|iPhone.ActiveCfg = Release|Any CPU
		{12D927B9-9892-475C-BDBC-8E51D57B9F72}.Release|iPhone.Build.0 = Release|Any CPU
		{12D927B9-9892-475C-BDBC-8E51D57B9F72}.Release|iPhone.Deploy.0 = Release|Any CPU
		{12D927B9-9892-475C-BDBC-8E51D57B9F72}.Release|iPhoneSimulator.ActiveCfg = Release|Any CPU
		{12D927B9-9892-475C-BDBC-8E51D57B9F72}.Release|iPhoneSimulator.Build.0 = Release|Any CPU
		{12D927B9-9892-475C-BDBC-8E51D57B9F72}.Release|iPhoneSimulator.Deploy.0 = Release|Any CPU
		{5FDCF849-BBF2-4D93-993A-8FD3324AD602}.Ad-Hoc|Any CPU.ActiveCfg = Ad-Hoc|iPhone
		{5FDCF849-BBF2-4D93-993A-8FD3324AD602}.Ad-Hoc|Any CPU.Build.0 = Ad-Hoc|iPhone
		{5FDCF849-BBF2-4D93-993A-8FD3324AD602}.Ad-Hoc|Any CPU.Deploy.0 = Ad-Hoc|iPhone
		{5FDCF849-BBF2-4D93-993A-8FD3324AD602}.Ad-Hoc|iPhone.ActiveCfg = Ad-Hoc|iPhone
		{5FDCF849-BBF2-4D93-993A-8FD3324AD602}.Ad-Hoc|iPhone.Build.0 = Ad-Hoc|iPhone
		{5FDCF849-BBF2-4D93-993A-8FD3324AD602}.Ad-Hoc|iPhone.Deploy.0 = Ad-Hoc|iPhone
		{5FDCF849-BBF2-4D93-993A-8FD3324AD602}.Ad-Hoc|iPhoneSimulator.ActiveCfg = Ad-Hoc|iPhoneSimulator
		{5FDCF849-BBF2-4D93-993A-8FD3324AD602}.Ad-Hoc|iPhoneSimulator.Build.0 = Ad-Hoc|iPhoneSimulator
		{5FDCF849-BBF2-4D93-993A-8FD3324AD602}.Ad-Hoc|iPhoneSimulator.Deploy.0 = Ad-Hoc|iPhoneSimulator
		{5FDCF849-BBF2-4D93-993A-8FD3324AD602}.AppStore|Any CPU.ActiveCfg = AppStore|iPhone
		{5FDCF849-BBF2-4D93-993A-8FD3324AD602}.AppStore|Any CPU.Build.0 = AppStore|iPhone
		{5FDCF849-BBF2-4D93-993A-8FD3324AD602}.AppStore|Any CPU.Deploy.0 = AppStore|iPhone
		{5FDCF849-BBF2-4D93-993A-8FD3324AD602}.AppStore|iPhone.ActiveCfg = AppStore|iPhone
		{5FDCF849-BBF2-4D93-993A-8FD3324AD602}.AppStore|iPhone.Build.0 = AppStore|iPhone
		{5FDCF849-BBF2-4D93-993A-8FD3324AD602}.AppStore|iPhone.Deploy.0 = AppStore|iPhone
		{5FDCF849-BBF2-4D93-993A-8FD3324AD602}.AppStore|iPhoneSimulator.ActiveCfg = AppStore|iPhoneSimulator
		{5FDCF849-BBF2-4D93-993A-8FD3324AD602}.AppStore|iPhoneSimulator.Build.0 = AppStore|iPhoneSimulator
		{5FDCF849-BBF2-4D93-993A-8FD3324AD602}.AppStore|iPhoneSimulator.Deploy.0 = AppStore|iPhoneSimulator
		{5FDCF849-BBF2-4D93-993A-8FD3324AD602}.Debug|Any CPU.ActiveCfg = Debug|iPhoneSimulator
		{5FDCF849-BBF2-4D93-993A-8FD3324AD602}.Debug|Any CPU.Build.0 = Debug|iPhoneSimulator
		{5FDCF849-BBF2-4D93-993A-8FD3324AD602}.Debug|Any CPU.Deploy.0 = Debug|iPhoneSimulator
		{5FDCF849-BBF2-4D93-993A-8FD3324AD602}.Debug|iPhone.ActiveCfg = Debug|iPhone
		{5FDCF849-BBF2-4D93-993A-8FD3324AD602}.Debug|iPhone.Build.0 = Debug|iPhone
		{5FDCF849-BBF2-4D93-993A-8FD3324AD602}.Debug|iPhone.Deploy.0 = Debug|iPhone
		{5FDCF849-BBF2-4D93-993A-8FD3324AD602}.Debug|iPhoneSimulator.ActiveCfg = Debug|iPhoneSimulator
		{5FDCF849-BBF2-4D93-993A-8FD3324AD602}.Debug|iPhoneSimulator.Build.0 = Debug|iPhoneSimulator
		{5FDCF849-BBF2-4D93-993A-8FD3324AD602}.Debug|iPhoneSimulator.Deploy.0 = Debug|iPhoneSimulator
		{5FDCF849-BBF2-4D93-993A-8FD3324AD602}.Release|Any CPU.ActiveCfg = Release|iPhone
		{5FDCF849-BBF2-4D93-993A-8FD3324AD602}.Release|Any CPU.Build.0 = Release|iPhone
		{5FDCF849-BBF2-4D93-993A-8FD3324AD602}.Release|Any CPU.Deploy.0 = Release|iPhone
		{5FDCF849-BBF2-4D93-993A-8FD3324AD602}.Release|iPhone.ActiveCfg = Release|iPhone
		{5FDCF849-BBF2-4D93-993A-8FD3324AD602}.Release|iPhone.Build.0 = Release|iPhone
		{5FDCF849-BBF2-4D93-993A-8FD3324AD602}.Release|iPhone.Deploy.0 = Release|iPhone
		{5FDCF849-BBF2-4D93-993A-8FD3324AD602}.Release|iPhoneSimulator.ActiveCfg = Release|iPhoneSimulator
		{5FDCF849-BBF2-4D93-993A-8FD3324AD602}.Release|iPhoneSimulator.Build.0 = Release|iPhoneSimulator
		{5FDCF849-BBF2-4D93-993A-8FD3324AD602}.Release|iPhoneSimulator.Deploy.0 = Release|iPhoneSimulator
		{A0BD6D65-6CD8-4E91-AD71-13F0DDD8301F}.Ad-Hoc|Any CPU.ActiveCfg = Debug|Any CPU
		{A0BD6D65-6CD8-4E91-AD71-13F0DDD8301F}.Ad-Hoc|Any CPU.Build.0 = Debug|Any CPU
		{A0BD6D65-6CD8-4E91-AD71-13F0DDD8301F}.Ad-Hoc|Any CPU.Deploy.0 = Debug|Any CPU
		{A0BD6D65-6CD8-4E91-AD71-13F0DDD8301F}.Ad-Hoc|iPhone.ActiveCfg = Debug|Any CPU
		{A0BD6D65-6CD8-4E91-AD71-13F0DDD8301F}.Ad-Hoc|iPhone.Build.0 = Debug|Any CPU
		{A0BD6D65-6CD8-4E91-AD71-13F0DDD8301F}.Ad-Hoc|iPhone.Deploy.0 = Debug|Any CPU
		{A0BD6D65-6CD8-4E91-AD71-13F0DDD8301F}.Ad-Hoc|iPhoneSimulator.ActiveCfg = Debug|Any CPU
		{A0BD6D65-6CD8-4E91-AD71-13F0DDD8301F}.Ad-Hoc|iPhoneSimulator.Build.0 = Debug|Any CPU
		{A0BD6D65-6CD8-4E91-AD71-13F0DDD8301F}.Ad-Hoc|iPhoneSimulator.Deploy.0 = Debug|Any CPU
		{A0BD6D65-6CD8-4E91-AD71-13F0DDD8301F}.AppStore|Any CPU.ActiveCfg = Debug|Any CPU
		{A0BD6D65-6CD8-4E91-AD71-13F0DDD8301F}.AppStore|Any CPU.Build.0 = Debug|Any CPU
		{A0BD6D65-6CD8-4E91-AD71-13F0DDD8301F}.AppStore|Any CPU.Deploy.0 = Debug|Any CPU
		{A0BD6D65-6CD8-4E91-AD71-13F0DDD8301F}.AppStore|iPhone.ActiveCfg = Debug|Any CPU
		{A0BD6D65-6CD8-4E91-AD71-13F0DDD8301F}.AppStore|iPhone.Build.0 = Debug|Any CPU
		{A0BD6D65-6CD8-4E91-AD71-13F0DDD8301F}.AppStore|iPhone.Deploy.0 = Debug|Any CPU
		{A0BD6D65-6CD8-4E91-AD71-13F0DDD8301F}.AppStore|iPhoneSimulator.ActiveCfg = Debug|Any CPU
		{A0BD6D65-6CD8-4E91-AD71-13F0DDD8301F}.AppStore|iPhoneSimulator.Build.0 = Debug|Any CPU
		{A0BD6D65-6CD8-4E91-AD71-13F0DDD8301F}.AppStore|iPhoneSimulator.Deploy.0 = Debug|Any CPU
		{A0BD6D65-6CD8-4E91-AD71-13F0DDD8301F}.Debug|Any CPU.ActiveCfg = Debug|Any CPU
		{A0BD6D65-6CD8-4E91-AD71-13F0DDD8301F}.Debug|Any CPU.Build.0 = Debug|Any CPU
		{A0BD6D65-6CD8-4E91-AD71-13F0DDD8301F}.Debug|Any CPU.Deploy.0 = Debug|Any CPU
		{A0BD6D65-6CD8-4E91-AD71-13F0DDD8301F}.Debug|iPhone.ActiveCfg = Debug|Any CPU
		{A0BD6D65-6CD8-4E91-AD71-13F0DDD8301F}.Debug|iPhone.Build.0 = Debug|Any CPU
		{A0BD6D65-6CD8-4E91-AD71-13F0DDD8301F}.Debug|iPhone.Deploy.0 = Debug|Any CPU
		{A0BD6D65-6CD8-4E91-AD71-13F0DDD8301F}.Debug|iPhoneSimulator.ActiveCfg = Debug|Any CPU
		{A0BD6D65-6CD8-4E91-AD71-13F0DDD8301F}.Debug|iPhoneSimulator.Build.0 = Debug|Any CPU
		{A0BD6D65-6CD8-4E91-AD71-13F0DDD8301F}.Debug|iPhoneSimulator.Deploy.0 = Debug|Any CPU
		{A0BD6D65-6CD8-4E91-AD71-13F0DDD8301F}.Release|Any CPU.ActiveCfg = Release|Any CPU
		{A0BD6D65-6CD8-4E91-AD71-13F0DDD8301F}.Release|Any CPU.Build.0 = Release|Any CPU
		{A0BD6D65-6CD8-4E91-AD71-13F0DDD8301F}.Release|Any CPU.Deploy.0 = Release|Any CPU
		{A0BD6D65-6CD8-4E91-AD71-13F0DDD8301F}.Release|iPhone.ActiveCfg = Release|Any CPU
		{A0BD6D65-6CD8-4E91-AD71-13F0DDD8301F}.Release|iPhone.Build.0 = Release|Any CPU
		{A0BD6D65-6CD8-4E91-AD71-13F0DDD8301F}.Release|iPhone.Deploy.0 = Release|Any CPU
		{A0BD6D65-6CD8-4E91-AD71-13F0DDD8301F}.Release|iPhoneSimulator.ActiveCfg = Release|Any CPU
		{A0BD6D65-6CD8-4E91-AD71-13F0DDD8301F}.Release|iPhoneSimulator.Build.0 = Release|Any CPU
		{A0BD6D65-6CD8-4E91-AD71-13F0DDD8301F}.Release|iPhoneSimulator.Deploy.0 = Release|Any CPU
	EndGlobalSection
	GlobalSection(SolutionProperties) = preSolution
		HideSolutionNode = FALSE
	EndGlobalSection
	GlobalSection(ExtensibilityGlobals) = postSolution
		SolutionGuid = {B65FE932-4AAA-476F-8239-3FFE544E0F6B}
	EndGlobalSection
EndGlobal
